
Microsoft Visual Studio Solution File, Format Version 12.00
# Visual Studio Version 17
VisualStudioVersion = 17.4.33103.184
MinimumVisualStudioVersion = 10.0.40219.1
Project("{FAE04EC0-301F-11D3-BF4B-00C04F79EFBC}") = "NewsSite", "NewsSite\NewsSite.csproj", "{B779D891-DC8F-4F4C-8805-7C5675E4146C}"
EndProject
Global
	GlobalSection(SolutionConfigurationPlatforms) = preSolution
		Debug|Any CPU = Debug|Any CPU
		Release|Any CPU = Release|Any CPU
	EndGlobalSection
	GlobalSection(ProjectConfigurationPlatforms) = postSolution
		{B779D891-DC8F-4F4C-8805-7C5675E4146C}.Debug|Any CPU.ActiveCfg = Debug|Any CPU
		{B779D891-DC8F-4F4C-8805-7C5675E4146C}.Debug|Any CPU.Build.0 = Debug|Any CPU
		{B779D891-DC8F-4F4C-8805-7C5675E4146C}.Release|Any CPU.ActiveCfg = Release|Any CPU
		{B779D891-DC8F-4F4C-8805-7C5675E4146C}.Release|Any CPU.Build.0 = Release|Any CPU
	EndGlobalSection
	GlobalSection(SolutionProperties) = preSolution
		HideSolutionNode = FALSE
	EndGlobalSection
	GlobalSection(ExtensibilityGlobals) = postSolution
		SolutionGuid = {C32C77F7-B7F0-44D2-AE6C-DE7F3F8E0B38}
	EndGlobalSection
EndGlobal
